
Microsoft Visual Studio Solution File, Format Version 12.00
# Visual Studio 15
VisualStudioVersion = 15.0.26730.15
MinimumVisualStudioVersion = 10.0.40219.1
Project("{FAE04EC0-301F-11D3-BF4B-00C04F79EFBC}") = "Pvp.Web", "Pvp.Web\Pvp.Web.csproj", "{BB907D2E-1C3E-41B3-A101-F72D300C8630}"
EndProject
Global
	GlobalSection(SolutionConfigurationPlatforms) = preSolution
		Debug|Any CPU = Debug|Any CPU
		Release|Any CPU = Release|Any CPU
	EndGlobalSection
	GlobalSection(ProjectConfigurationPlatforms) = postSolution
		{BB907D2E-1C3E-41B3-A101-F72D300C8630}.Debug|Any CPU.ActiveCfg = Debug|Any CPU
		{BB907D2E-1C3E-41B3-A101-F72D300C8630}.Debug|Any CPU.Build.0 = Debug|Any CPU
		{BB907D2E-1C3E-41B3-A101-F72D300C8630}.Release|Any CPU.ActiveCfg = Release|Any CPU
		{BB907D2E-1C3E-41B3-A101-F72D300C8630}.Release|Any CPU.Build.0 = Release|Any CPU
	EndGlobalSection
	GlobalSection(SolutionProperties) = preSolution
		HideSolutionNode = FALSE
	EndGlobalSection
	GlobalSection(ExtensibilityGlobals) = postSolution
		SolutionGuid = {EB4EAFAA-339D-47B0-8F97-150062D16334}
	EndGlobalSection
EndGlobal
